
Microsoft Visual Studio Solution File, Format Version 12.00
# Visual Studio Version 17
VisualStudioVersion = 17.3.32819.101
MinimumVisualStudioVersion = 10.0.40219.1
Project("{9A19103F-16F7-4668-BE54-9A1E7A4F7556}") = "PracticeEntityCore_One", "PracticeEntityCore_One.csproj", "{604C131D-A261-41B8-A29E-A102D72D5EB0}"
EndProject
Project("{2150E333-8FDC-42A3-9474-1A3956D46DE8}") = "CodeFirst", "CodeFirst", "{F96BBFE3-8C35-4A1F-B7CC-D920180F74E9}"
EndProject
Project("{2150E333-8FDC-42A3-9474-1A3956D46DE8}") = "DatabaseFirst", "DatabaseFirst", "{85200A5E-E6B8-4121-AC95-17D8D5887215}"
	ProjectSection(SolutionItems) = preProject
		Scaffold-DbContext.txt = Scaffold-DbContext.txt
	EndProjectSection
EndProject
Project("{FAE04EC0-301F-11D3-BF4B-00C04F79EFBC}") = "DatabaseFirst", "..\DatabaseFirst\DatabaseFirst.csproj", "{9BD3BF64-4AB4-43AA-A611-88B6912B562B}"
EndProject
Global
	GlobalSection(SolutionConfigurationPlatforms) = preSolution
		Debug|Any CPU = Debug|Any CPU
		Release|Any CPU = Release|Any CPU
	EndGlobalSection
	GlobalSection(ProjectConfigurationPlatforms) = postSolution
		{604C131D-A261-41B8-A29E-A102D72D5EB0}.Debug|Any CPU.ActiveCfg = Debug|Any CPU
		{604C131D-A261-41B8-A29E-A102D72D5EB0}.Debug|Any CPU.Build.0 = Debug|Any CPU
		{604C131D-A261-41B8-A29E-A102D72D5EB0}.Release|Any CPU.ActiveCfg = Release|Any CPU
		{604C131D-A261-41B8-A29E-A102D72D5EB0}.Release|Any CPU.Build.0 = Release|Any CPU
		{9BD3BF64-4AB4-43AA-A611-88B6912B562B}.Debug|Any CPU.ActiveCfg = Debug|Any CPU
		{9BD3BF64-4AB4-43AA-A611-88B6912B562B}.Debug|Any CPU.Build.0 = Debug|Any CPU
		{9BD3BF64-4AB4-43AA-A611-88B6912B562B}.Release|Any CPU.ActiveCfg = Release|Any CPU
		{9BD3BF64-4AB4-43AA-A611-88B6912B562B}.Release|Any CPU.Build.0 = Release|Any CPU
	EndGlobalSection
	GlobalSection(SolutionProperties) = preSolution
		HideSolutionNode = FALSE
	EndGlobalSection
	GlobalSection(NestedProjects) = preSolution
		{604C131D-A261-41B8-A29E-A102D72D5EB0} = {F96BBFE3-8C35-4A1F-B7CC-D920180F74E9}
		{9BD3BF64-4AB4-43AA-A611-88B6912B562B} = {85200A5E-E6B8-4121-AC95-17D8D5887215}
	EndGlobalSection
	GlobalSection(ExtensibilityGlobals) = postSolution
		SolutionGuid = {C511D16A-5341-4FEA-83FB-1A23BBDA5E58}
	EndGlobalSection
EndGlobal
